
Microsoft Visual Studio Solution File, Format Version 12.00
# Visual Studio 15
VisualStudioVersion = 15.0.27428.2005
MinimumVisualStudioVersion = 10.0.40219.1
Project("{8BC9CEB8-8B4A-11D0-8D11-00A0C91BC942}") = "gameStats2.0", "gameStats2.0\gameStats2.0.vcxproj", "{B7873FB3-D7CE-4115-BBDF-2CC56D342265}"
EndProject
Global
	GlobalSection(SolutionConfigurationPlatforms) = preSolution
		Debug|x64 = Debug|x64
		Debug|x86 = Debug|x86
		Release|x64 = Release|x64
		Release|x86 = Release|x86
	EndGlobalSection
	GlobalSection(ProjectConfigurationPlatforms) = postSolution
		{B7873FB3-D7CE-4115-BBDF-2CC56D342265}.Debug|x64.ActiveCfg = Debug|x64
		{B7873FB3-D7CE-4115-BBDF-2CC56D342265}.Debug|x64.Build.0 = Debug|x64
		{B7873FB3-D7CE-4115-BBDF-2CC56D342265}.Debug|x86.ActiveCfg = Debug|Win32
		{B7873FB3-D7CE-4115-BBDF-2CC56D342265}.Debug|x86.Build.0 = Debug|Win32
		{B7873FB3-D7CE-4115-BBDF-2CC56D342265}.Release|x64.ActiveCfg = Release|x64
		{B7873FB3-D7CE-4115-BBDF-2CC56D342265}.Release|x64.Build.0 = Release|x64
		{B7873FB3-D7CE-4115-BBDF-2CC56D342265}.Release|x86.ActiveCfg = Release|Win32
		{B7873FB3-D7CE-4115-BBDF-2CC56D342265}.Release|x86.Build.0 = Release|Win32
	EndGlobalSection
	GlobalSection(SolutionProperties) = preSolution
		HideSolutionNode = FALSE
	EndGlobalSection
	GlobalSection(ExtensibilityGlobals) = postSolution
		SolutionGuid = {9A204D57-DD46-443C-A4B0-CD128B136EE7}
	EndGlobalSection
EndGlobal
